
Microsoft Visual Studio Solution File, Format Version 12.00
# Visual Studio 2013
Project("{FAE04EC0-301F-11D3-BF4B-00C04F79EFBC}") = "Do Brain Pro_work.CSharp.Plugins", "Do Brain Pro_work.CSharp.Plugins.csproj", "{C5D6331C-CDA7-2389-8C87-8E90960470CF}"
EndProject
Project("{FAE04EC0-301F-11D3-BF4B-00C04F79EFBC}") = "Do Brain Pro_work.CSharp", "Do Brain Pro_work.CSharp.csproj", "{A1DAE663-2E01-D9F1-EB22-B5F29C2766C7}"
EndProject
Project("{FAE04EC0-301F-11D3-BF4B-00C04F79EFBC}") = "Do Brain Pro_work.CSharp.Editor.Plugins", "Do Brain Pro_work.CSharp.Editor.Plugins.csproj", "{A5A463BF-F5F7-F0B3-7CFA-3D70E44214BB}"
EndProject
Project("{FAE04EC0-301F-11D3-BF4B-00C04F79EFBC}") = "Do Brain Pro_work.CSharp.Editor", "Do Brain Pro_work.CSharp.Editor.csproj", "{65FD72B5-7748-E37E-4045-EE87AE862DB3}"
EndProject
Global
	GlobalSection(SolutionConfigurationPlatforms) = preSolution
		Debug|Any CPU = Debug|Any CPU
		Release|Any CPU = Release|Any CPU
	EndGlobalSection
	GlobalSection(ProjectConfigurationPlatforms) = postSolution
		{C5D6331C-CDA7-2389-8C87-8E90960470CF}.Debug|Any CPU.ActiveCfg = Debug|Any CPU
		{C5D6331C-CDA7-2389-8C87-8E90960470CF}.Debug|Any CPU.Build.0 = Debug|Any CPU
		{C5D6331C-CDA7-2389-8C87-8E90960470CF}.Release|Any CPU.ActiveCfg = Release|Any CPU
		{C5D6331C-CDA7-2389-8C87-8E90960470CF}.Release|Any CPU.Build.0 = Release|Any CPU
		{A1DAE663-2E01-D9F1-EB22-B5F29C2766C7}.Debug|Any CPU.ActiveCfg = Debug|Any CPU
		{A1DAE663-2E01-D9F1-EB22-B5F29C2766C7}.Debug|Any CPU.Build.0 = Debug|Any CPU
		{A1DAE663-2E01-D9F1-EB22-B5F29C2766C7}.Release|Any CPU.ActiveCfg = Release|Any CPU
		{A1DAE663-2E01-D9F1-EB22-B5F29C2766C7}.Release|Any CPU.Build.0 = Release|Any CPU
		{A5A463BF-F5F7-F0B3-7CFA-3D70E44214BB}.Debug|Any CPU.ActiveCfg = Debug|Any CPU
		{A5A463BF-F5F7-F0B3-7CFA-3D70E44214BB}.Debug|Any CPU.Build.0 = Debug|Any CPU
		{A5A463BF-F5F7-F0B3-7CFA-3D70E44214BB}.Release|Any CPU.ActiveCfg = Release|Any CPU
		{A5A463BF-F5F7-F0B3-7CFA-3D70E44214BB}.Release|Any CPU.Build.0 = Release|Any CPU
		{65FD72B5-7748-E37E-4045-EE87AE862DB3}.Debug|Any CPU.ActiveCfg = Debug|Any CPU
		{65FD72B5-7748-E37E-4045-EE87AE862DB3}.Debug|Any CPU.Build.0 = Debug|Any CPU
		{65FD72B5-7748-E37E-4045-EE87AE862DB3}.Release|Any CPU.ActiveCfg = Release|Any CPU
		{65FD72B5-7748-E37E-4045-EE87AE862DB3}.Release|Any CPU.Build.0 = Release|Any CPU
	EndGlobalSection
	GlobalSection(SolutionProperties) = preSolution
		HideSolutionNode = FALSE
	EndGlobalSection
EndGlobal
